
Microsoft Visual Studio Solution File, Format Version 12.00
# Visual Studio 15
Project("{FAE04EC0-301F-11D3-BF4B-00C04F79EFBC}") = "sample1", "sample1.csproj", "{2957A5F0-9802-71F5-45B3-E4728EFC9488}"
EndProject
Global
	GlobalSection(SolutionConfigurationPlatforms) = preSolution
		Debug|Any CPU = Debug|Any CPU
		Release|Any CPU = Release|Any CPU
	EndGlobalSection
	GlobalSection(ProjectConfigurationPlatforms) = postSolution
		{2957A5F0-9802-71F5-45B3-E4728EFC9488}.Debug|Any CPU.ActiveCfg = Debug|Any CPU
		{2957A5F0-9802-71F5-45B3-E4728EFC9488}.Debug|Any CPU.Build.0 = Debug|Any CPU
		{2957A5F0-9802-71F5-45B3-E4728EFC9488}.Release|Any CPU.ActiveCfg = Release|Any CPU
		{2957A5F0-9802-71F5-45B3-E4728EFC9488}.Release|Any CPU.Build.0 = Release|Any CPU
	EndGlobalSection
	GlobalSection(SolutionProperties) = preSolution
		HideSolutionNode = FALSE
	EndGlobalSection
EndGlobal
